<?xml version="1.0" encoding="utf-8"?>
<Project ToolsVersion="4.0" xmlns="http://schemas.microsoft.com/developer/msbuild/2003">
  <ItemGroup>
    <Filter Include="GameSource">
      <UniqueIdentifier>{4FC737F1-C7A5-4376-A066-2A32D752A2FF}</UniqueIdentifier>
      <Extensions>cpp;c;cc;cxx;def;odl;idl;hpj;bat;asm;asmx</Extensions>
    </Filter>
    <Filter Include="GameSource\WinMain">
      <UniqueIdentifier>{4fddc9de-37cb-4e1a-883b-a1d162caff10}</UniqueIdentifier>
    </Filter>
    <Filter Include="KitEngine">
      <UniqueIdentifier>{6f6a59e9-a7ef-45b0-a80d-a64b0f0baeea}</UniqueIdentifier>
    </Filter>
    <Filter Include="KitEngine\CWindow">
      <UniqueIdentifier>{48bc2347-1184-41c9-acff-ef3cb0e12bef}</UniqueIdentifier>
    </Filter>
    <Filter Include="KitEngine\KitBehaviour">
      <UniqueIdentifier>{b1cc1d6b-a9cf-4605-863d-e7053b2c9d10}</UniqueIdentifier>
    </Filter>
    <Filter Include="KitEngine\SceneManager">
      <UniqueIdentifier>{ba3f6147-9cc9-444d-bd96-0623d7cfbbf6}</UniqueIdentifier>
    </Filter>
    <Filter Include="KitEngine\SceneManager\Scene">
      <UniqueIdentifier>{0a38b434-606a-4068-a469-78dcc0d5b4d4}</UniqueIdentifier>
    </Filter>
    <Filter Include="KitEngine\AssetsManager">
      <UniqueIdentifier>{8996fe59-e042-4c16-a1a0-2c02b2a3cbeb}</UniqueIdentifier>
    </Filter>
    <Filter Include="GameSource\Scenes">
      <UniqueIdentifier>{c8873965-364f-4674-8ad5-0fcbe96b98db}</UniqueIdentifier>
    </Filter>
    <Filter Include="GameSource\Scenes\Title">
      <UniqueIdentifier>{de158f1f-3a74-41fd-b108-f8ea6ef936b0}</UniqueIdentifier>
    </Filter>
    <Filter Include="GameSource\Scenes\GameMain">
      <UniqueIdentifier>{41cc2d74-dbeb-4f5a-89a8-3849aac72c53}</UniqueIdentifier>
    </Filter>
    <Filter Include="GameSource\Scenes\Result">
      <UniqueIdentifier>{2d5564d4-eed9-4cba-881c-2c69be7d0809}</UniqueIdentifier>
    </Filter>
    <Filter Include="GameSource\Player">
      <UniqueIdentifier>{8179d9c1-6eed-4ef5-8561-6a27a7e6f6ad}</UniqueIdentifier>
    </Filter>
    <Filter Include="GameSource\GameObjects">
      <UniqueIdentifier>{ade091d0-fa20-4ba1-bd1d-33211d499fb1}</UniqueIdentifier>
    </Filter>
    <Filter Include="GameSource\GameObjects\Torch">
      <UniqueIdentifier>{6588b53f-8ef8-47f0-9544-3a41a8e39d43}</UniqueIdentifier>
    </Filter>
    <Filter Include="GameSource\GameObjects\LeadingInsect">
      <UniqueIdentifier>{26b613a1-b531-43ab-a057-f399425af988}</UniqueIdentifier>
    </Filter>
    <Filter Include="GameSource\Stages">
      <UniqueIdentifier>{78245ffd-837e-4637-bb23-4605f1ba86b3}</UniqueIdentifier>
    </Filter>
    <Filter Include="GameSource\Scenes\StartMenu">
      <UniqueIdentifier>{22ab182d-6307-407e-a75d-c7e07baa3e8d}</UniqueIdentifier>
    </Filter>
    <Filter Include="GameSource\Configurations">
      <UniqueIdentifier>{f0d268e4-a792-487b-8a48-7a89c504071e}</UniqueIdentifier>
    </Filter>
    <Filter Include="GameSource\Configurations\SystemConfiguration">
      <UniqueIdentifier>{bd16b94e-c4b4-4f8d-8df2-5b5c801d7ea8}</UniqueIdentifier>
    </Filter>
    <Filter Include="GameSource\Configurations\GameConfiguration">
      <UniqueIdentifier>{2db10504-e507-4fb1-949e-b96f12d32b18}</UniqueIdentifier>
    </Filter>
    <Filter Include="GameSource\GameObjects\Character">
      <UniqueIdentifier>{a5b70860-ac87-43a5-bf3a-2ad4be7e40e9}</UniqueIdentifier>
    </Filter>
    <Filter Include="GameSource\Scenes\Tutorial">
      <UniqueIdentifier>{1ea8bfdc-f616-4a37-ae01-0e762dbadccf}</UniqueIdentifier>
    </Filter>
    <Filter Include="KitEngine\Render">
      <UniqueIdentifier>{e7ba8cdb-9585-48df-8d69-09c2d432d7d8}</UniqueIdentifier>
    </Filter>
    <Filter Include="GameSource\Scenes\SelectDevice">
      <UniqueIdentifier>{165b0788-2a1a-4e62-a146-d9a8ad5050b5}</UniqueIdentifier>
    </Filter>
    <Filter Include="GameSource\Scenes\Title\TitleFonts">
      <UniqueIdentifier>{100d6fe0-ae9d-4b5d-9c22-1df2846fbbdd}</UniqueIdentifier>
    </Filter>
  </ItemGroup>
  <ItemGroup>
    <ClCompile Include="GameSource\WinMain\WinMain.cpp">
      <Filter>GameSource\WinMain</Filter>
    </ClCompile>
    <ClCompile Include="KitEngine\KitEngine.cpp">
      <Filter>KitEngine</Filter>
    </ClCompile>
    <ClCompile Include="KitEngine\CWindow\CWindow.cpp">
      <Filter>KitEngine\CWindow</Filter>
    </ClCompile>
    <ClCompile Include="KitEngine\KitBehaviour\KitBehaviour.cpp">
      <Filter>KitEngine\KitBehaviour</Filter>
    </ClCompile>
    <ClCompile Include="KitEngine\SceneManager\SceneManager.cpp">
      <Filter>KitEngine\SceneManager</Filter>
    </ClCompile>
    <ClCompile Include="KitEngine\SceneManager\Scene\Scene.cpp">
      <Filter>KitEngine\SceneManager\Scene</Filter>
    </ClCompile>
    <ClCompile Include="KitEngine\AssetsManager\AssetsManager.cpp">
      <Filter>KitEngine\AssetsManager</Filter>
    </ClCompile>
    <ClCompile Include="GameSource\Scenes\Title\Title.cpp">
      <Filter>GameSource\Scenes\Title</Filter>
    </ClCompile>
    <ClCompile Include="GameSource\Scenes\Result\Result.cpp">
      <Filter>GameSource\Scenes\Result</Filter>
    </ClCompile>
    <ClCompile Include="GameSource\Scenes\GameMain\GameMain.cpp">
      <Filter>GameSource\Scenes\GameMain</Filter>
    </ClCompile>
    <ClCompile Include="GameSource\Player\Player.cpp">
      <Filter>GameSource\Player</Filter>
    </ClCompile>
    <ClCompile Include="GameSource\Scenes\StartMenu\StartMenu.cpp">
      <Filter>GameSource\Scenes\StartMenu</Filter>
    </ClCompile>
    <ClCompile Include="GameSource\Configurations\SystemConfiguration\SystemConfiguration.cpp">
      <Filter>GameSource\Configurations\SystemConfiguration</Filter>
    </ClCompile>
    <ClCompile Include="GameSource\GameObjects\Torch\Torch.cpp">
      <Filter>GameSource\GameObjects\Torch</Filter>
    </ClCompile>
    <ClCompile Include="GameSource\GameObjects\LeadingInsect\LeadingInsect.cpp">
      <Filter>GameSource\GameObjects\LeadingInsect</Filter>
    </ClCompile>
    <ClCompile Include="GameSource\Scenes\Tutorial\Tutorial.cpp">
      <Filter>GameSource\Scenes\Tutorial</Filter>
    </ClCompile>
    <ClCompile Include="KitEngine\Render\Render.cpp">
      <Filter>KitEngine\Render</Filter>
    </ClCompile>
    <ClCompile Include="GameSource\GameObjects\Character\Character.cpp">
      <Filter>GameSource\GameObjects\Character</Filter>
    </ClCompile>
    <ClCompile Include="GameSource\Scenes\SelectDevice\SelectDevice.cpp">
      <Filter>GameSource\Scenes\SelectDevice</Filter>
    </ClCompile>
    <ClCompile Include="GameSource\Configurations\GameConfiguration\GameConfiguration.cpp">
      <Filter>GameSource\Configurations\GameConfiguration</Filter>
    </ClCompile>
    <ClCompile Include="GameSource\Scenes\Title\TitleFonts\TitleFonts.cpp">
      <Filter>GameSource\Scenes\Title\TitleFonts</Filter>
    </ClCompile>
  </ItemGroup>
  <ItemGroup>
    <ClInclude Include="KitEngine\KitEngine.h">
      <Filter>KitEngine</Filter>
    </ClInclude>
    <ClInclude Include="KitEngine\CWindow\CWindow.h">
      <Filter>KitEngine\CWindow</Filter>
    </ClInclude>
    <ClInclude Include="KitEngine\KitBehaviour\KitBehaviour.h">
      <Filter>KitEngine\KitBehaviour</Filter>
    </ClInclude>
    <ClInclude Include="KitEngine\SceneManager\SceneManager.h">
      <Filter>KitEngine\SceneManager</Filter>
    </ClInclude>
    <ClInclude Include="KitEngine\SceneManager\Scene\Scene.h">
      <Filter>KitEngine\SceneManager\Scene</Filter>
    </ClInclude>
    <ClInclude Include="KitEngine\AssetsManager\AssetsManager.h">
      <Filter>KitEngine\AssetsManager</Filter>
    </ClInclude>
    <ClInclude Include="GameSource\Scenes\Title\Title.h">
      <Filter>GameSource\Scenes\Title</Filter>
    </ClInclude>
    <ClInclude Include="GameSource\Scenes\Result\Result.h">
      <Filter>GameSource\Scenes\Result</Filter>
    </ClInclude>
    <ClInclude Include="GameSource\Scenes\GameMain\GameMain.h">
      <Filter>GameSource\Scenes\GameMain</Filter>
    </ClInclude>
    <ClInclude Include="GameSource\Player\Player.h">
      <Filter>GameSource\Player</Filter>
    </ClInclude>
    <ClInclude Include="GameSource\Scenes\StartMenu\StartMenu.h">
      <Filter>GameSource\Scenes\StartMenu</Filter>
    </ClInclude>
    <ClInclude Include="GameSource\Configurations\SystemConfiguration\SystemConfiguration.h">
      <Filter>GameSource\Configurations\SystemConfiguration</Filter>
    </ClInclude>
    <ClInclude Include="GameSource\Configurations\GameConfiguration\GameConfiguration.h">
      <Filter>GameSource\Configurations\GameConfiguration</Filter>
    </ClInclude>
    <ClInclude Include="GameSource\GameObjects\Torch\Torch.h">
      <Filter>GameSource\GameObjects\Torch</Filter>
    </ClInclude>
    <ClInclude Include="GameSource\GameObjects\LeadingInsect\LeadingInsect.h">
      <Filter>GameSource\GameObjects\LeadingInsect</Filter>
    </ClInclude>
    <ClInclude Include="GameSource\Scenes\Tutorial\Tutorial.h">
      <Filter>GameSource\Scenes\Tutorial</Filter>
    </ClInclude>
    <ClInclude Include="KitEngine\Render\Render.h">
      <Filter>KitEngine\Render</Filter>
    </ClInclude>
    <ClInclude Include="GameSource\GameObjects\Character\Character.h">
      <Filter>GameSource\GameObjects\Character</Filter>
    </ClInclude>
    <ClInclude Include="GameSource\Scenes\SelectDevice\SelectDevice.h">
      <Filter>GameSource\Scenes\SelectDevice</Filter>
    </ClInclude>
    <ClInclude Include="GameSource\Scenes\Title\TitleFonts\TitleFonts.h">
      <Filter>GameSource\Scenes\Title\TitleFonts</Filter>
    </ClInclude>
  </ItemGroup>
</Project>